
Microsoft Visual Studio Solution File, Format Version 12.00
# Visual Studio Version 16
VisualStudioVersion = 16.0.30128.74
MinimumVisualStudioVersion = 10.0.40219.1
Project("{FAE04EC0-301F-11D3-BF4B-00C04F79EFBC}") = "InsuranceQuote.Api", "InsuranceQuote.Api\InsuranceQuote.Api.csproj", "{4214E855-686A-4202-B502-0FE850CCD169}"
EndProject
Global
	GlobalSection(SolutionConfigurationPlatforms) = preSolution
		Debug|Any CPU = Debug|Any CPU
		Release|Any CPU = Release|Any CPU
	EndGlobalSection
	GlobalSection(ProjectConfigurationPlatforms) = postSolution
		{4214E855-686A-4202-B502-0FE850CCD169}.Debug|Any CPU.ActiveCfg = Debug|Any CPU
		{4214E855-686A-4202-B502-0FE850CCD169}.Debug|Any CPU.Build.0 = Debug|Any CPU
		{4214E855-686A-4202-B502-0FE850CCD169}.Release|Any CPU.ActiveCfg = Release|Any CPU
		{4214E855-686A-4202-B502-0FE850CCD169}.Release|Any CPU.Build.0 = Release|Any CPU
	EndGlobalSection
	GlobalSection(SolutionProperties) = preSolution
		HideSolutionNode = FALSE
	EndGlobalSection
	GlobalSection(ExtensibilityGlobals) = postSolution
		SolutionGuid = {07690457-64EC-4E55-8DBD-948A2112A4CE}
	EndGlobalSection
EndGlobal
